
Microsoft Visual Studio Solution File, Format Version 12.00
# Visual Studio Version 17
VisualStudioVersion = 17.14.36221.1
MinimumVisualStudioVersion = 10.0.40219.1
Project("{FAE04EC0-301F-11D3-BF4B-00C04F79EFBC}") = "MacaroonBot", "MacaroonBot\MacaroonBot.csproj", "{8CCC7504-6E28-4BE2-938E-AA9513B3C502}"
	ProjectSection(ProjectDependencies) = postProject
		{2B129EDB-2F6D-40F3-892F-AE3EA389D1F4} = {2B129EDB-2F6D-40F3-892F-AE3EA389D1F4}
	EndProjectSection
EndProject
Project("{FAE04EC0-301F-11D3-BF4B-00C04F79EFBC}") = "MacaroonBot.Model", "MacaroonBot.Model\MacaroonBot.Model.csproj", "{2B129EDB-2F6D-40F3-892F-AE3EA389D1F4}"
EndProject
Global
	GlobalSection(SolutionConfigurationPlatforms) = preSolution
		Debug|Any CPU = Debug|Any CPU
		Release|Any CPU = Release|Any CPU
	EndGlobalSection
	GlobalSection(ProjectConfigurationPlatforms) = postSolution
		{8CCC7504-6E28-4BE2-938E-AA9513B3C502}.Debug|Any CPU.ActiveCfg = Debug|Any CPU
		{8CCC7504-6E28-4BE2-938E-AA9513B3C502}.Debug|Any CPU.Build.0 = Debug|Any CPU
		{8CCC7504-6E28-4BE2-938E-AA9513B3C502}.Release|Any CPU.ActiveCfg = Release|Any CPU
		{8CCC7504-6E28-4BE2-938E-AA9513B3C502}.Release|Any CPU.Build.0 = Release|Any CPU
		{2B129EDB-2F6D-40F3-892F-AE3EA389D1F4}.Debug|Any CPU.ActiveCfg = Debug|Any CPU
		{2B129EDB-2F6D-40F3-892F-AE3EA389D1F4}.Debug|Any CPU.Build.0 = Debug|Any CPU
		{2B129EDB-2F6D-40F3-892F-AE3EA389D1F4}.Release|Any CPU.ActiveCfg = Release|Any CPU
		{2B129EDB-2F6D-40F3-892F-AE3EA389D1F4}.Release|Any CPU.Build.0 = Release|Any CPU
	EndGlobalSection
	GlobalSection(SolutionProperties) = preSolution
		HideSolutionNode = FALSE
	EndGlobalSection
	GlobalSection(ExtensibilityGlobals) = postSolution
		SolutionGuid = {56C51893-6F28-4124-A5EF-48DE8C7CFC2F}
	EndGlobalSection
EndGlobal
